github.com/armon/go-socks5 v0.0.0-20160902184237-e75332964ef5 h1:0CwZNZbxp69SHPdPJAN/hZIm0C4OItdklCFmMRWYpio=
github.com/armon/go-socks5 v0.0.0-20160902184237-e75332964ef5/go.mod h1:wHh0iHkYZB8zMSxRWpUBQtwG5a7fFgvEO+odwuTv2gs=
github.com/aztecrabbit/libinject v0.0.0-20200907173849-8d004507da41 h1:hvVKQkAV3pwc6mbM9mVlEI426NhqNc1W532obZQCa8c=
github.com/aztecrabbit/libinject v0.0.0-20200907173849-8d004507da41/go.mod h1:n+n9pL2dkcmV7UAdfZ8KAVrxiQyHfE6HIn9ZOQgx1IA=
github.com/aztecrabbit/liblog v0.0.0-20200502094738-7b376e9fb613 h1:x6zRZpusZtIkRexuGlZZziNS/bNrrfmfZcEsDrM96CQ=
github.com/aztecrabbit/liblog v0.0.0-20200502094738-7b376e9fb613/go.mod h1:apniEEMeppz44SzaWrz0guNP3m12ifiKYioLccNWQfw=
github.com/aztecrabbit/libproxyrotator v0.0.0-20200502094650-114e8cd9a2c4 h1:9rdCJLb4LJ9hUiUqYFgMDP2S0O0EOGO4v9wxrXzbRtA=
github.com/aztecrabbit/libproxyrotator v0.0.0-20200502094650-114e8cd9a2c4/go.mod h1:UF27/pqECo6VtnN0Ot6ky8gGMWditWjz8l5Y5M53fYY=
github.com/aztecrabbit/libredsocks v0.0.0-20200326105532-e68f91112913 h1:m8jT709dFkYzCgg7ATElHBwYioH+A9kS/HmdI6zxEWs=
github.com/aztecrabbit/libredsocks v0.0.0-20200326105532-e68f91112913/go.mod h1:k3xyVsyt+QUN7TxdkWApd2kc9exqxa3N53HgRdKf0wQ=
github.com/aztecrabbit/libutils v0.0.0-20200809115922-31372f5a14c5 h1:h8WcH4ZAP9tu51iP+cRxODLD55mSYKI6gREICmrGg0A=
github.com/aztecrabbit/libutils v0.0.0-20200809115922-31372f5a14c5/go.mod h1:zg54FiukglmrglHOomUsq0REmKj0j0u8gXszlL59EaI=
github.com/buger/goterm v1.0.4 h1:Z9YvGmOih81P0FbVtEYTFF6YsSgxSUKEhf/f9bTMXbY=
github.com/buger/goterm v1.0.4/go.mod h1:HiFWV3xnkolgrBV3mY8m0X0Pumt4zg4QhbdOzQtB8tE=
github.com/hieuvn/libinject v0.0.0-20240318050336-18e148c43505 h1:IoXjQdTH5jrPzRBS54a+uBU90VuqXeG64VsgdykCuyY=
github.com/hieuvn/libinject v0.0.0-20240318050336-18e148c43505/go.mod h1:BdGBdhWpnmvKhktRYn3TNqPvVxyCQnjrOua/X+3NsxE=
golang.org/x/crypto v0.0.0-20190308221718-c2843e01d9a2/go.mod h1:djNgcEr1/C05ACkg1iLfiJU5Ep61QUkGW8qpdssI0+w=
golang.org/x/net v0.0.0-20190620200207-3b0461eec859 h1:R/3boaszxrf1GEUWTVDzSKVwLmSJpwZ1yqXm8j0v2QI=
golang.org/x/net v0.0.0-20190620200207-3b0461eec859/go.mod h1:z5CRVTTTmAJ677TzLLGU+0bjPO0LkuOLi4/5GtJWs/s=
golang.org/x/sys v0.0.0-20190215142949-d0b11bdaac8a/go.mod h1:STP8DvDyc/dI5b8T5hshtkjS+E42TnysNCUPdjciGhY=
golang.org/x/sys v0.0.0-20210331175145-43e1dd70ce54 h1:rF3Ohx8DRyl8h2zw9qojyLHLhrJpEMgyPOImREEryf0=
golang.org/x/sys v0.0.0-20210331175145-43e1dd70ce54/go.mod h1:h1NjWce9XRLGQEsW7wpKNCjG9DtNlClVuFLEZdDNbEs=
golang.org/x/text v0.3.0/go.mod h1:NqM8EUOU14njkJ3fqMW+pc6Ldnwhi/IjpwHt7yyuwOQ=
